
Microsoft Visual Studio Solution File, Format Version 12.00
# Visual Studio Version 17
VisualStudioVersion = 17.7.34031.279
MinimumVisualStudioVersion = 10.0.40219.1
Project("{FAE04EC0-301F-11D3-BF4B-00C04F79EFBC}") = "01. Number Pyramid", "01. Number Pyramid\01. Number Pyramid.csproj", "{DB0B84DB-5E0D-45E4-9549-9A38E9C7B3CA}"
EndProject
Global
	GlobalSection(SolutionConfigurationPlatforms) = preSolution
		Debug|Any CPU = Debug|Any CPU
		Release|Any CPU = Release|Any CPU
	EndGlobalSection
	GlobalSection(ProjectConfigurationPlatforms) = postSolution
		{DB0B84DB-5E0D-45E4-9549-9A38E9C7B3CA}.Debug|Any CPU.ActiveCfg = Debug|Any CPU
		{DB0B84DB-5E0D-45E4-9549-9A38E9C7B3CA}.Debug|Any CPU.Build.0 = Debug|Any CPU
		{DB0B84DB-5E0D-45E4-9549-9A38E9C7B3CA}.Release|Any CPU.ActiveCfg = Release|Any CPU
		{DB0B84DB-5E0D-45E4-9549-9A38E9C7B3CA}.Release|Any CPU.Build.0 = Release|Any CPU
	EndGlobalSection
	GlobalSection(SolutionProperties) = preSolution
		HideSolutionNode = FALSE
	EndGlobalSection
	GlobalSection(ExtensibilityGlobals) = postSolution
		SolutionGuid = {F987DE75-98DA-4964-A4A9-87EBFC8C6CDF}
	EndGlobalSection
EndGlobal
